
Microsoft Visual Studio Solution File, Format Version 12.00
# Visual Studio 15
VisualStudioVersion = 15.0.26730.12
MinimumVisualStudioVersion = 10.0.40219.1
Project("{FAE04EC0-301F-11D3-BF4B-00C04F79EFBC}") = "Screening", "Screening\Screening.csproj", "{C238F230-5F82-42F4-B09C-463D73E2D825}"
EndProject
Project("{FAE04EC0-301F-11D3-BF4B-00C04F79EFBC}") = "Screening.Tests", "Screening.Tests\Screening.Tests.csproj", "{8977D525-1623-4650-8D81-9112F13013EC}"
EndProject
Global
	GlobalSection(SolutionConfigurationPlatforms) = preSolution
		Debug|Any CPU = Debug|Any CPU
		Release|Any CPU = Release|Any CPU
	EndGlobalSection
	GlobalSection(ProjectConfigurationPlatforms) = postSolution
		{C238F230-5F82-42F4-B09C-463D73E2D825}.Debug|Any CPU.ActiveCfg = Debug|Any CPU
		{C238F230-5F82-42F4-B09C-463D73E2D825}.Debug|Any CPU.Build.0 = Debug|Any CPU
		{C238F230-5F82-42F4-B09C-463D73E2D825}.Release|Any CPU.ActiveCfg = Release|Any CPU
		{C238F230-5F82-42F4-B09C-463D73E2D825}.Release|Any CPU.Build.0 = Release|Any CPU
		{8977D525-1623-4650-8D81-9112F13013EC}.Debug|Any CPU.ActiveCfg = Debug|Any CPU
		{8977D525-1623-4650-8D81-9112F13013EC}.Debug|Any CPU.Build.0 = Debug|Any CPU
		{8977D525-1623-4650-8D81-9112F13013EC}.Release|Any CPU.ActiveCfg = Release|Any CPU
		{8977D525-1623-4650-8D81-9112F13013EC}.Release|Any CPU.Build.0 = Release|Any CPU
	EndGlobalSection
	GlobalSection(SolutionProperties) = preSolution
		HideSolutionNode = FALSE
	EndGlobalSection
	GlobalSection(ExtensibilityGlobals) = postSolution
		SolutionGuid = {5203C90E-4A8A-4E01-B5D6-3256192C5471}
	EndGlobalSection
EndGlobal
